
Microsoft Visual Studio Solution File, Format Version 12.00
# Visual Studio 15
VisualStudioVersion = 15.0.27004.2009
MinimumVisualStudioVersion = 10.0.40219.1
Project("{FAE04EC0-301F-11D3-BF4B-00C04F79EFBC}") = "WindowsFormsApplication1", "WindowsFormsApplication1\WindowsFormsApplication1.csproj", "{FE9FB8DE-028F-46C8-A04E-37D37E554B7A}"
EndProject
Project("{54435603-DBB4-11D2-8724-00A0C9A8B90C}") = "Setup", "Setup\Setup.vdproj", "{36BBD467-EBCF-4E8D-B242-36EBAB392B4E}"
EndProject
Global
	GlobalSection(SolutionConfigurationPlatforms) = preSolution
		Debug|Any CPU = Debug|Any CPU
		Release|Any CPU = Release|Any CPU
	EndGlobalSection
	GlobalSection(ProjectConfigurationPlatforms) = postSolution
		{FE9FB8DE-028F-46C8-A04E-37D37E554B7A}.Debug|Any CPU.ActiveCfg = Debug|Any CPU
		{FE9FB8DE-028F-46C8-A04E-37D37E554B7A}.Debug|Any CPU.Build.0 = Debug|Any CPU
		{FE9FB8DE-028F-46C8-A04E-37D37E554B7A}.Release|Any CPU.ActiveCfg = Release|Any CPU
		{FE9FB8DE-028F-46C8-A04E-37D37E554B7A}.Release|Any CPU.Build.0 = Release|Any CPU
		{36BBD467-EBCF-4E8D-B242-36EBAB392B4E}.Debug|Any CPU.ActiveCfg = Debug
		{36BBD467-EBCF-4E8D-B242-36EBAB392B4E}.Release|Any CPU.ActiveCfg = Release
	EndGlobalSection
	GlobalSection(SolutionProperties) = preSolution
		HideSolutionNode = FALSE
	EndGlobalSection
	GlobalSection(ExtensibilityGlobals) = postSolution
		SolutionGuid = {DA00142D-7013-45D4-B2C6-3837F768F6CD}
	EndGlobalSection
EndGlobal
